
Microsoft Visual Studio Solution File, Format Version 12.00
# Visual Studio Version 17
VisualStudioVersion = 17.1.32228.430
MinimumVisualStudioVersion = 10.0.40219.1
Project("{FAE04EC0-301F-11D3-BF4B-00C04F79EFBC}") = "Ejercicios06", "Ejercicios06.csproj", "{FF368235-0CC2-4405-A741-742C653C137A}"
EndProject
Global
	GlobalSection(SolutionConfigurationPlatforms) = preSolution
		Debug|Any CPU = Debug|Any CPU
		Release|Any CPU = Release|Any CPU
	EndGlobalSection
	GlobalSection(ProjectConfigurationPlatforms) = postSolution
		{FF368235-0CC2-4405-A741-742C653C137A}.Debug|Any CPU.ActiveCfg = Debug|Any CPU
		{FF368235-0CC2-4405-A741-742C653C137A}.Debug|Any CPU.Build.0 = Debug|Any CPU
		{FF368235-0CC2-4405-A741-742C653C137A}.Release|Any CPU.ActiveCfg = Release|Any CPU
		{FF368235-0CC2-4405-A741-742C653C137A}.Release|Any CPU.Build.0 = Release|Any CPU
	EndGlobalSection
	GlobalSection(SolutionProperties) = preSolution
		HideSolutionNode = FALSE
	EndGlobalSection
	GlobalSection(ExtensibilityGlobals) = postSolution
		SolutionGuid = {93F7D65E-898A-4451-A61D-542AA51BD313}
	EndGlobalSection
EndGlobal
